version: 6
environments:
  default:
    channels:
    - url: https://conda.anaconda.org/conda-forge/
    packages:
      linux-64:
      - conda: https://conda.anaconda.org/conda-forge/linux-64/_libgcc_mutex-0.1-conda_forge.tar.bz2
      - conda: https://conda.anaconda.org/conda-forge/linux-64/_openmp_mutex-4.5-2_gnu.tar.bz2
      - conda: https://conda.anaconda.org/conda-forge/linux-64/binutils-2.44-h4852527_1.conda
      - conda: https://conda.anaconda.org/conda-forge/linux-64/binutils_impl_linux-64-2.44-h4bf12b8_1.conda
      - conda: https://conda.anaconda.org/conda-forge/linux-64/binutils_linux-64-2.44-h4852527_1.conda
      - conda: https://conda.anaconda.org/conda-forge/linux-64/c-compiler-1.11.0-h4d9bdce_0.conda
      - conda: https://conda.anaconda.org/conda-forge/linux-64/clang-20-20.1.8-default_hddf928d_0.conda
      - conda: https://conda.anaconda.org/conda-forge/linux-64/clang-20.1.8-default_hfa515fb_0.conda
      - conda: https://conda.anaconda.org/conda-forge/linux-64/compilers-1.11.0-ha770c72_0.conda
      - conda: https://conda.anaconda.org/conda-forge/linux-64/conda-gcc-specs-14.3.0-hb991d5c_4.conda
      - conda: https://conda.anaconda.org/conda-forge/linux-64/cxx-compiler-1.11.0-hfcd1e18_0.conda
      - conda: https://conda.anaconda.org/conda-forge/linux-64/fortran-compiler-1.11.0-h9bea470_0.conda
      - conda: https://conda.anaconda.org/conda-forge/linux-64/gcc-14.3.0-h76bdaa0_4.conda
      - conda: https://conda.anaconda.org/conda-forge/linux-64/gcc_impl_linux-64-14.3.0-hd9e9e21_4.conda
      - conda: https://conda.anaconda.org/conda-forge/linux-64/gcc_linux-64-14.3.0-h1382650_11.conda
      - conda: https://conda.anaconda.org/conda-forge/linux-64/gfortran-14.3.0-he448592_4.conda
      - conda: https://conda.anaconda.org/conda-forge/linux-64/gfortran_impl_linux-64-14.3.0-h7db7018_4.conda
      - conda: https://conda.anaconda.org/conda-forge/linux-64/gfortran_linux-64-14.3.0-h30a37f7_11.conda
      - conda: https://conda.anaconda.org/conda-forge/linux-64/gxx-14.3.0-he448592_4.conda
      - conda: https://conda.anaconda.org/conda-forge/linux-64/gxx_impl_linux-64-14.3.0-he663afc_4.conda
      - conda: https://conda.anaconda.org/conda-forge/linux-64/gxx_linux-64-14.3.0-ha7acb78_11.conda
      - conda: https://conda.anaconda.org/conda-forge/noarch/kernel-headers_linux-64-4.18.0-he073ed8_8.conda
      - conda: https://conda.anaconda.org/conda-forge/linux-64/ld_impl_linux-64-2.44-h1423503_1.conda
      - conda: https://conda.anaconda.org/conda-forge/linux-64/libclang-cpp20.1-20.1.8-default_hddf928d_0.conda
      - conda: https://conda.anaconda.org/conda-forge/linux-64/libgcc-15.1.0-h767d61c_4.conda
      - conda: https://conda.anaconda.org/conda-forge/noarch/libgcc-devel_linux-64-14.3.0-h85bb3a7_104.conda
      - conda: https://conda.anaconda.org/conda-forge/linux-64/libgfortran5-15.1.0-hcea5267_4.conda
      - conda: https://conda.anaconda.org/conda-forge/linux-64/libgomp-15.1.0-h767d61c_4.conda
      - conda: https://conda.anaconda.org/conda-forge/linux-64/libiconv-1.18-h4ce23a2_1.conda
      - conda: https://conda.anaconda.org/conda-forge/linux-64/libllvm20-20.1.8-hecd9e04_0.conda
      - conda: https://conda.anaconda.org/conda-forge/linux-64/liblzma-5.8.1-hb9d3cd8_2.conda
      - conda: https://conda.anaconda.org/conda-forge/linux-64/libsanitizer-14.3.0-hd08acf3_4.conda
      - conda: https://conda.anaconda.org/conda-forge/linux-64/libstdcxx-15.1.0-h8f9b012_4.conda
      - conda: https://conda.anaconda.org/conda-forge/noarch/libstdcxx-devel_linux-64-14.3.0-h85bb3a7_104.conda
      - conda: https://conda.anaconda.org/conda-forge/linux-64/libxml2-2.13.8-h2cb61b6_1.conda
      - conda: https://conda.anaconda.org/conda-forge/linux-64/libzlib-1.3.1-hb9d3cd8_2.conda
      - conda: https://conda.anaconda.org/conda-forge/linux-64/rust-1.88.0-h1a8d7c4_0.conda
      - conda: https://conda.anaconda.org/conda-forge/noarch/rust-src-1.88.0-unix_0.conda
      - conda: https://conda.anaconda.org/conda-forge/noarch/rust-std-x86_64-unknown-linux-gnu-1.88.0-h2c6d0dc_0.conda
      - conda: https://conda.anaconda.org/conda-forge/noarch/sysroot_linux-64-2.28-h4ee821c_8.conda
      - conda: https://conda.anaconda.org/conda-forge/noarch/tzdata-2025b-h78e105d_0.conda
      - conda: https://conda.anaconda.org/conda-forge/linux-64/zstd-1.5.7-hb8e6e7a_2.conda
packages:
- conda: https://conda.anaconda.org/conda-forge/linux-64/_libgcc_mutex-0.1-conda_forge.tar.bz2
  sha256: fe51de6107f9edc7aa4f786a70f4a883943bc9d39b3bb7307c04c41410990726
  md5: d7c89558ba9fa0495403155b64376d81
  license: None
  size: 2562
  timestamp: 1578324546067
- conda: https://conda.anaconda.org/conda-forge/linux-64/_openmp_mutex-4.5-2_gnu.tar.bz2
  build_number: 16
  sha256: fbe2c5e56a653bebb982eda4876a9178aedfc2b545f25d0ce9c4c0b508253d22
  md5: 73aaf86a425cc6e73fcf236a5a46396d
  depends:
  - _libgcc_mutex 0.1 conda_forge
  - libgomp >=7.5.0
  constrains:
  - openmp_impl 9999
  license: BSD-3-Clause
  license_family: BSD
  size: 23621
  timestamp: 1650670423406
- conda: https://conda.anaconda.org/conda-forge/linux-64/binutils-2.44-h4852527_1.conda
  sha256: 3feccd1dd61bc18e41548d015e65f731400aa3ffe65802bc22ad772052d5326c
  md5: 0fab3ce18775aba71131028a04c20dfe
  depends:
  - binutils_impl_linux-64 >=2.44,<2.45.0a0
  license: GPL-3.0-only
  license_family: GPL
  size: 34998
  timestamp: 1752032786202
- conda: https://conda.anaconda.org/conda-forge/linux-64/binutils_impl_linux-64-2.44-h4bf12b8_1.conda
  sha256: 8556847f91a85c31ef65b05b7e9182a52775616d5d4e550dfb48cdee5fd35687
  md5: e45cfedc8ca5630e02c106ea36d2c5c6
  depends:
  - ld_impl_linux-64 2.44 h1423503_1
  - sysroot_linux-64
  license: GPL-3.0-only
  license_family: GPL
  size: 3781716
  timestamp: 1752032761608
- conda: https://conda.anaconda.org/conda-forge/linux-64/binutils_linux-64-2.44-h4852527_1.conda
  sha256: fbd94448d099a8c5fe7d9ec8c67171ab6e2f4221f453fe327de9b5aaf507f992
  md5: 38e0be090e3af56e44a9cac46101f6cd
  depends:
  - binutils_impl_linux-64 2.44 h4bf12b8_1
  license: GPL-3.0-only
  license_family: GPL
  size: 36046
  timestamp: 1752032788780
- conda: https://conda.anaconda.org/conda-forge/linux-64/c-compiler-1.11.0-h4d9bdce_0.conda
  sha256: 8e7a40f16400d7839c82581410aa05c1f8324a693c9d50079f8c50dc9fb241f0
  md5: abd85120de1187b0d1ec305c2173c71b
  depends:
  - binutils
  - gcc
  - gcc_linux-64 14.*
  license: BSD-3-Clause
  license_family: BSD
  size: 6693
  timestamp: 1753098721814
- conda: https://conda.anaconda.org/conda-forge/linux-64/clang-20.1.8-default_hfa515fb_0.conda
  sha256: 24d657e540964a80a5c0959657d6ddfbde7114c411dd3b0f2117f542a03571b1
  md5: 93b8a61f9daea84ef5b1d6c839916f6d
  depends:
  - binutils_impl_linux-64
  - clang-20 20.1.8 default_hddf928d_0
  - libgcc-devel_linux-64
  - sysroot_linux-64
  license: Apache-2.0 WITH LLVM-exception
  license_family: Apache
  size: 24051
  timestamp: 1752223742852
- conda: https://conda.anaconda.org/conda-forge/linux-64/clang-20-20.1.8-default_hddf928d_0.conda
  sha256: 73711f0d2bd47db3cb7f5c37a83687650106bc490078f7dbf3842017339a88e8
  md5: d1ea0ab845d3a09906c6f0e74cdbbea8
  depends:
  - __glibc >=2.17,<3.0.a0
  - libclang-cpp20.1 20.1.8 default_hddf928d_0
  - libgcc >=14
  - libllvm20 >=20.1.8,<20.2.0a0
  - libstdcxx >=14
  license: Apache-2.0 WITH LLVM-exception
  license_family: Apache
  size: 810251
  timestamp: 1752223686417
- conda: https://conda.anaconda.org/conda-forge/linux-64/compilers-1.11.0-ha770c72_0.conda
  sha256: 5709f2cbfeb8690317ba702611bdf711a502b417fecda6ad3313e501f6f8bd61
  md5: fdcf2e31dd960ef7c5daa9f2c95eff0e
  depends:
  - c-compiler 1.11.0 h4d9bdce_0
  - cxx-compiler 1.11.0 hfcd1e18_0
  - fortran-compiler 1.11.0 h9bea470_0
  license: BSD-3-Clause
  license_family: BSD
  size: 7482
  timestamp: 1753098722454
- conda: https://conda.anaconda.org/conda-forge/linux-64/conda-gcc-specs-14.3.0-hb991d5c_4.conda
  sha256: 275a7a6c627ded925e98a94162d4efd7ad578731915334831ee8881b34aecad1
  md5: b6025bc20bf223d68402821f181707fb
  depends:
  - gcc_impl_linux-64 >=14.3.0,<14.3.1.0a0
  license: GPL-3.0-only WITH GCC-exception-3.1
  license_family: GPL
  size: 33272
  timestamp: 1753905153853
- conda: https://conda.anaconda.org/conda-forge/linux-64/cxx-compiler-1.11.0-hfcd1e18_0.conda
  sha256: 3fcc97ae3e89c150401a50a4de58794ffc67b1ed0e1851468fcc376980201e25
  md5: 5da8c935dca9186673987f79cef0b2a5
  depends:
  - c-compiler 1.11.0 h4d9bdce_0
  - gxx
  - gxx_linux-64 14.*
  license: BSD-3-Clause
  license_family: BSD
  size: 6635
  timestamp: 1753098722177
- conda: https://conda.anaconda.org/conda-forge/linux-64/fortran-compiler-1.11.0-h9bea470_0.conda
  sha256: 53e5562ede83b478ebe9f4fc3d3b4eff5b627883f48aa0bf412e8fd90b5d6113
  md5: d5596f445a1273ddc5ea68864c01b69f
  depends:
  - binutils
  - c-compiler 1.11.0 h4d9bdce_0
  - gfortran
  - gfortran_linux-64 14.*
  license: BSD-3-Clause
  license_family: BSD
  size: 6656
  timestamp: 1753098722318
- conda: https://conda.anaconda.org/conda-forge/linux-64/gcc-14.3.0-h76bdaa0_4.conda
  sha256: ded010fa43178225054436cfc24c1cc74e1f17303f39442b5254422e2f8a0b2d
  md5: 7e8d408ed45953d8a9fd5e9c5d44ab2d
  depends:
  - conda-gcc-specs
  - gcc_impl_linux-64 14.3.0.*
  license: BSD-3-Clause
  license_family: BSD
  size: 31016
  timestamp: 1753905350635
- conda: https://conda.anaconda.org/conda-forge/linux-64/gcc_impl_linux-64-14.3.0-hd9e9e21_4.conda
  sha256: 70dd8f8cf040ffcb073c98651aaae614f4db4d76d0c9928a5aea0309a3b29722
  md5: 18005317e139bb60f4c5d3ef9cc46b85
  depends:
  - binutils_impl_linux-64 >=2.40
  - libgcc >=14.3.0
  - libgcc-devel_linux-64 14.3.0 h85bb3a7_104
  - libgomp >=14.3.0
  - libsanitizer 14.3.0 hd08acf3_4
  - libstdcxx >=14.3.0
  - sysroot_linux-64
  license: GPL-3.0-only WITH GCC-exception-3.1
  license_family: GPL
  size: 71083505
  timestamp: 1753904987887
- conda: https://conda.anaconda.org/conda-forge/linux-64/gcc_linux-64-14.3.0-h1382650_11.conda
  sha256: 0d7fe52c578ef99f03defe8cab5308124b388c694e88f5494716d11532a6d12a
  md5: 2e650506e6371ac4289c9bf7fc207f3b
  depends:
  - binutils_linux-64
  - gcc_impl_linux-64 14.3.0.*
  - sysroot_linux-64
  license: BSD-3-Clause
  license_family: BSD
  size: 32512
  timestamp: 1748905876846
- conda: https://conda.anaconda.org/conda-forge/linux-64/gfortran-14.3.0-he448592_4.conda
  sha256: e4df7bf95c5e5733ab3ad89271fbf1932ae2739eaff11f678c13e0726fd958e4
  md5: 6f88c38cdf941173e9aec76f967d4d28
  depends:
  - gcc 14.3.0.*
  - gcc_impl_linux-64 14.3.0.*
  - gfortran_impl_linux-64 14.3.0.*
  license: BSD-3-Clause
  license_family: BSD
  size: 30443
  timestamp: 1753905366595
- conda: https://conda.anaconda.org/conda-forge/linux-64/gfortran_impl_linux-64-14.3.0-h7db7018_4.conda
  sha256: 8f46b83ee8ad7b0c0a48366cbc2f6811be9eea1e685bbc5854093691ab4f9db9
  md5: 4cb71ecc31f139f8bf96963c53b5b8a1
  depends:
  - gcc_impl_linux-64 >=14.3.0
  - libgcc >=14.3.0
  - libgfortran5 >=14.3.0
  - libstdcxx >=14.3.0
  - sysroot_linux-64
  license: GPL-3.0-only WITH GCC-exception-3.1
  license_family: GPL
  size: 17003760
  timestamp: 1753905230834
- conda: https://conda.anaconda.org/conda-forge/linux-64/gfortran_linux-64-14.3.0-h30a37f7_11.conda
  sha256: 4075b0d224adbe0ec7f71586b80805d15d86164eab754851a1515e069b0aa222
  md5: 8caf7dd31e00bfdd2b00cc672ea6fa33
  depends:
  - binutils_linux-64
  - gcc_linux-64 14.3.0 h1382650_11
  - gfortran_impl_linux-64 14.3.0.*
  - sysroot_linux-64
  license: BSD-3-Clause
  license_family: BSD
  size: 30838
  timestamp: 1748905893216
- conda: https://conda.anaconda.org/conda-forge/linux-64/gxx-14.3.0-he448592_4.conda
  sha256: 5e92e1360a21dbbae2126dccdd37f97e34331fcccc5d76d12dbbad2fda1a5228
  md5: 26ccfde67e88b646e57a7e56ce4ef56d
  depends:
  - gcc 14.3.0.*
  - gxx_impl_linux-64 14.3.0.*
  license: BSD-3-Clause
  license_family: BSD
  size: 30420
  timestamp: 1753905382479
- conda: https://conda.anaconda.org/conda-forge/linux-64/gxx_impl_linux-64-14.3.0-he663afc_4.conda
  sha256: d37c0a50684e1bfb3cb7f8e417d8b42a43a0dbd0bd5fa4b41a46d26eddc2c4aa
  md5: 1f7b059bae1fc5e72ae23883e04abc48
  depends:
  - gcc_impl_linux-64 14.3.0 hd9e9e21_4
  - libstdcxx-devel_linux-64 14.3.0 h85bb3a7_104
  - sysroot_linux-64
  - tzdata
  license: GPL-3.0-only WITH GCC-exception-3.1
  license_family: GPL
  size: 15144697
  timestamp: 1753905289599
- conda: https://conda.anaconda.org/conda-forge/linux-64/gxx_linux-64-14.3.0-ha7acb78_11.conda
  sha256: 6c06752e4773dfd61a1928e9f7e9d21c3b97068daf27b84696c33057a091fe27
  md5: d4af016b3511135302a19f2a58544fcd
  depends:
  - binutils_linux-64
  - gcc_linux-64 14.3.0 h1382650_11
  - gxx_impl_linux-64 14.3.0.*
  - sysroot_linux-64
  license: BSD-3-Clause
  license_family: BSD
  size: 30802
  timestamp: 1748905895571
- conda: https://conda.anaconda.org/conda-forge/noarch/kernel-headers_linux-64-4.18.0-he073ed8_8.conda
  sha256: 305c22a251db227679343fd73bfde121e555d466af86e537847f4c8b9436be0d
  md5: ff007ab0f0fdc53d245972bba8a6d40c
  constrains:
  - sysroot_linux-64 ==2.28
  license: LGPL-2.0-or-later AND LGPL-2.0-or-later WITH exceptions AND GPL-2.0-or-later
  license_family: GPL
  size: 1272697
  timestamp: 1752669126073
- conda: https://conda.anaconda.org/conda-forge/linux-64/ld_impl_linux-64-2.44-h1423503_1.conda
  sha256: 1a620f27d79217c1295049ba214c2f80372062fd251b569e9873d4a953d27554
  md5: 0be7c6e070c19105f966d3758448d018
  depends:
  - __glibc >=2.17,<3.0.a0
  constrains:
  - binutils_impl_linux-64 2.44
  license: GPL-3.0-only
  license_family: GPL
  size: 676044
  timestamp: 1752032747103
- conda: https://conda.anaconda.org/conda-forge/linux-64/libclang-cpp20.1-20.1.8-default_hddf928d_0.conda
  sha256: 202742a287db5889ae5511fab24b4aff40f0c515476c1ea130ff56fae4dd565a
  md5: b939740734ad5a8e8f6c942374dee68d
  depends:
  - __glibc >=2.17,<3.0.a0
  - libgcc >=14
  - libllvm20 >=20.1.8,<20.2.0a0
  - libstdcxx >=14
  license: Apache-2.0 WITH LLVM-exception
  license_family: Apache
  size: 21250278
  timestamp: 1752223579291
- conda: https://conda.anaconda.org/conda-forge/linux-64/libgcc-15.1.0-h767d61c_4.conda
  sha256: 144e35c1c2840f2dc202f6915fc41879c19eddbb8fa524e3ca4aa0d14018b26f
  md5: f406dcbb2e7bef90d793e50e79a2882b
  depends:
  - __glibc >=2.17,<3.0.a0
  - _openmp_mutex >=4.5
  constrains:
  - libgcc-ng ==15.1.0=*_4
  - libgomp 15.1.0 h767d61c_4
  license: GPL-3.0-only WITH GCC-exception-3.1
  license_family: GPL
  size: 824153
  timestamp: 1753903866511
- conda: https://conda.anaconda.org/conda-forge/noarch/libgcc-devel_linux-64-14.3.0-h85bb3a7_104.conda
  sha256: e655874112406dcf3c356a546c2cf051393985aeb36704962dc00d8da2bf95c2
  md5: d8e4f3677752c5dc9b77a9f11b484c9d
  depends:
  - __unix
  license: GPL-3.0-only WITH GCC-exception-3.1
  license_family: GPL
  size: 2725618
  timestamp: 1753904712267
- conda: https://conda.anaconda.org/conda-forge/linux-64/libgfortran5-15.1.0-hcea5267_4.conda
  sha256: 3070e5e2681f7f2fb7af0a81b92213f9ab430838900da8b4f9b8cf998ddbdd84
  md5: 8a4ab7ff06e4db0be22485332666da0f
  depends:
  - __glibc >=2.17,<3.0.a0
  - libgcc >=15.1.0
  constrains:
  - libgfortran 15.1.0
  license: GPL-3.0-only WITH GCC-exception-3.1
  license_family: GPL
  size: 1564595
  timestamp: 1753903882088
- conda: https://conda.anaconda.org/conda-forge/linux-64/libgomp-15.1.0-h767d61c_4.conda
  sha256: e0487a8fec78802ac04da0ac1139c3510992bc58a58cde66619dde3b363c2933
  md5: 3baf8976c96134738bba224e9ef6b1e5
  depends:
  - __glibc >=2.17,<3.0.a0
  license: GPL-3.0-only WITH GCC-exception-3.1
  license_family: GPL
  size: 447289
  timestamp: 1753903801049
- conda: https://conda.anaconda.org/conda-forge/linux-64/libiconv-1.18-h4ce23a2_1.conda
  sha256: 18a4afe14f731bfb9cf388659994263904d20111e42f841e9eea1bb6f91f4ab4
  md5: e796ff8ddc598affdf7c173d6145f087
  depends:
  - __glibc >=2.17,<3.0.a0
  - libgcc >=13
  license: LGPL-2.1-only
  size: 713084
  timestamp: 1740128065462
- conda: https://conda.anaconda.org/conda-forge/linux-64/libllvm20-20.1.8-hecd9e04_0.conda
  sha256: a6fddc510de09075f2b77735c64c7b9334cf5a26900da351779b275d9f9e55e1
  md5: 59a7b967b6ef5d63029b1712f8dcf661
  depends:
  - __glibc >=2.17,<3.0.a0
  - libgcc >=14
  - libstdcxx >=14
  - libxml2 >=2.13.8,<2.14.0a0
  - libzlib >=1.3.1,<2.0a0
  - zstd >=1.5.7,<1.6.0a0
  license: Apache-2.0 WITH LLVM-exception
  license_family: Apache
  size: 43987020
  timestamp: 1752141980723
- conda: https://conda.anaconda.org/conda-forge/linux-64/liblzma-5.8.1-hb9d3cd8_2.conda
  sha256: f2591c0069447bbe28d4d696b7fcb0c5bd0b4ac582769b89addbcf26fb3430d8
  md5: 1a580f7796c7bf6393fddb8bbbde58dc
  depends:
  - __glibc >=2.17,<3.0.a0
  - libgcc >=13
  constrains:
  - xz 5.8.1.*
  license: 0BSD
  size: 112894
  timestamp: 1749230047870
- conda: https://conda.anaconda.org/conda-forge/linux-64/libsanitizer-14.3.0-hd08acf3_4.conda
  sha256: 9d28a094f14bef4b96446534414bd20c104bbc2f557cc76ecbc9343389b87e5c
  md5: a42368edbd3a672bad21c1fe8d307dce
  depends:
  - __glibc >=2.17,<3.0.a0
  - libgcc >=14.3.0
  - libstdcxx >=14.3.0
  license: GPL-3.0-only WITH GCC-exception-3.1
  license_family: GPL
  size: 5069018
  timestamp: 1753904903838
- conda: https://conda.anaconda.org/conda-forge/linux-64/libstdcxx-15.1.0-h8f9b012_4.conda
  sha256: b5b239e5fca53ff90669af1686c86282c970dd8204ebf477cf679872eb6d48ac
  md5: 3c376af8888c386b9d3d1c2701e2f3ab
  depends:
  - __glibc >=2.17,<3.0.a0
  - libgcc 15.1.0 h767d61c_4
  license: GPL-3.0-only WITH GCC-exception-3.1
  license_family: GPL
  size: 3903453
  timestamp: 1753903894186
- conda: https://conda.anaconda.org/conda-forge/noarch/libstdcxx-devel_linux-64-14.3.0-h85bb3a7_104.conda
  sha256: f912644de2d2770042abf1a7646eff4350644e6dfea64c816dca0c3f62a94fbe
  md5: c8d0b75a145e4cc3525df0343146c459
  depends:
  - __unix
  license: GPL-3.0-only WITH GCC-exception-3.1
  license_family: GPL
  size: 14630918
  timestamp: 1753904753558
- conda: https://conda.anaconda.org/conda-forge/linux-64/libxml2-2.13.8-h2cb61b6_1.conda
  sha256: 2c80ef042b47dfddb1f425d57d367e0657f8477d80111644c88b172ff2f99151
  md5: 42a8e4b54e322b4cd1dbfb30a8a7ce9e
  depends:
  - __glibc >=2.17,<3.0.a0
  - libgcc >=14
  - libiconv >=1.18,<2.0a0
  - liblzma >=5.8.1,<6.0a0
  - libzlib >=1.3.1,<2.0a0
  constrains:
  - icu <0.0a0
  license: MIT
  license_family: MIT
  size: 697020
  timestamp: 1754315347913
- conda: https://conda.anaconda.org/conda-forge/linux-64/libzlib-1.3.1-hb9d3cd8_2.conda
  sha256: d4bfe88d7cb447768e31650f06257995601f89076080e76df55e3112d4e47dc4
  md5: edb0dca6bc32e4f4789199455a1dbeb8
  depends:
  - __glibc >=2.17,<3.0.a0
  - libgcc >=13
  constrains:
  - zlib 1.3.1 *_2
  license: Zlib
  license_family: Other
  size: 60963
  timestamp: 1727963148474
- conda: https://conda.anaconda.org/conda-forge/linux-64/rust-1.88.0-h1a8d7c4_0.conda
  sha256: dd68c0e4788660826421548adeb855f8c9c3b559303ad356c56892bb4fa2f455
  md5: c77dfd18f5f3f7648bc1c8aa600e3ff7
  depends:
  - __glibc >=2.17,<3.0.a0
  - gcc_impl_linux-64
  - libgcc >=13
  - libzlib >=1.3.1,<2.0a0
  - rust-std-x86_64-unknown-linux-gnu 1.88.0 h2c6d0dc_0
  - sysroot_linux-64 >=2.17
  license: MIT
  license_family: MIT
  size: 221696092
  timestamp: 1751057661538
- conda: https://conda.anaconda.org/conda-forge/noarch/rust-src-1.88.0-unix_0.conda
  sha256: 8e936e60bd731af3c3890adaa7d043c1aca653848869355da9e7e1c7ba46ba6c
  md5: 2dc51db283c7d4566273f923d4b733eb
  depends:
  - __unix
  constrains:
  - rust >=1.88.0,<1.88.1.0a0
  license: MIT
  license_family: MIT
  size: 3665466
  timestamp: 1751056966320
- conda: https://conda.anaconda.org/conda-forge/noarch/rust-std-x86_64-unknown-linux-gnu-1.88.0-h2c6d0dc_0.conda
  sha256: a89f522fb261ab744ea1e4e8a8929a66d7c28e58b4b7e02462dcb644887c9dce
  md5: d62b829141d3fa542a312e2760b8abd4
  depends:
  - __unix
  constrains:
  - rust >=1.88.0,<1.88.1.0a0
  license: MIT
  license_family: MIT
  size: 37041309
  timestamp: 1751057508252
- conda: https://conda.anaconda.org/conda-forge/noarch/sysroot_linux-64-2.28-h4ee821c_8.conda
  sha256: 0053c17ffbd9f8af1a7f864995d70121c292e317804120be4667f37c92805426
  md5: 1bad93f0aa428d618875ef3a588a889e
  depends:
  - __glibc >=2.28
  - kernel-headers_linux-64 4.18.0 he073ed8_8
  - tzdata
  license: LGPL-2.0-or-later AND LGPL-2.0-or-later WITH exceptions AND GPL-2.0-or-later
  license_family: GPL
  size: 24210909
  timestamp: 1752669140965
- conda: https://conda.anaconda.org/conda-forge/noarch/tzdata-2025b-h78e105d_0.conda
  sha256: 5aaa366385d716557e365f0a4e9c3fca43ba196872abbbe3d56bb610d131e192
  md5: 4222072737ccff51314b5ece9c7d6f5a
  license: LicenseRef-Public-Domain
  size: 122968
  timestamp: 1742727099393
- conda: https://conda.anaconda.org/conda-forge/linux-64/zstd-1.5.7-hb8e6e7a_2.conda
  sha256: a4166e3d8ff4e35932510aaff7aa90772f84b4d07e9f6f83c614cba7ceefe0eb
  md5: 6432cb5d4ac0046c3ac0a8a0f95842f9
  depends:
  - __glibc >=2.17,<3.0.a0
  - libgcc >=13
  - libstdcxx >=13
  - libzlib >=1.3.1,<2.0a0
  license: BSD-3-Clause
  license_family: BSD
  size: 567578
  timestamp: 1742433379869
